
Microsoft Visual Studio Solution File, Format Version 12.00
# Visual Studio 14
VisualStudioVersion = 14.0.25420.1
MinimumVisualStudioVersion = 10.0.40219.1
Project("{FAE04EC0-301F-11D3-BF4B-00C04F79EFBC}") = "LogLibrary", "LogLibrary\LogLibrary.csproj", "{97E8A2F6-CB0A-47DE-807E-25FE7A0D8844}"
EndProject
Project("{FAE04EC0-301F-11D3-BF4B-00C04F79EFBC}") = "LogLibrary.Tests", "LogLibrary.Tests\LogLibrary.Tests.csproj", "{AA4B9911-C273-4286-8B6B-7908761C8A26}"
EndProject
Project("{FAE04EC0-301F-11D3-BF4B-00C04F79EFBC}") = "LogLibrary.TestConsole", "LogLibrary.TestConsole\LogLibrary.TestConsole.csproj", "{A032538B-C654-4B1F-BDC9-E5CE2D6821FE}"
EndProject
Global
	GlobalSection(SolutionConfigurationPlatforms) = preSolution
		Debug|Any CPU = Debug|Any CPU
		Release|Any CPU = Release|Any CPU
	EndGlobalSection
	GlobalSection(ProjectConfigurationPlatforms) = postSolution
		{97E8A2F6-CB0A-47DE-807E-25FE7A0D8844}.Debug|Any CPU.ActiveCfg = Debug|Any CPU
		{97E8A2F6-CB0A-47DE-807E-25FE7A0D8844}.Debug|Any CPU.Build.0 = Debug|Any CPU
		{97E8A2F6-CB0A-47DE-807E-25FE7A0D8844}.Release|Any CPU.ActiveCfg = Release|Any CPU
		{97E8A2F6-CB0A-47DE-807E-25FE7A0D8844}.Release|Any CPU.Build.0 = Release|Any CPU
		{AA4B9911-C273-4286-8B6B-7908761C8A26}.Debug|Any CPU.ActiveCfg = Debug|Any CPU
		{AA4B9911-C273-4286-8B6B-7908761C8A26}.Debug|Any CPU.Build.0 = Debug|Any CPU
		{AA4B9911-C273-4286-8B6B-7908761C8A26}.Release|Any CPU.ActiveCfg = Release|Any CPU
		{AA4B9911-C273-4286-8B6B-7908761C8A26}.Release|Any CPU.Build.0 = Release|Any CPU
		{A032538B-C654-4B1F-BDC9-E5CE2D6821FE}.Debug|Any CPU.ActiveCfg = Debug|Any CPU
		{A032538B-C654-4B1F-BDC9-E5CE2D6821FE}.Debug|Any CPU.Build.0 = Debug|Any CPU
		{A032538B-C654-4B1F-BDC9-E5CE2D6821FE}.Release|Any CPU.ActiveCfg = Release|Any CPU
		{A032538B-C654-4B1F-BDC9-E5CE2D6821FE}.Release|Any CPU.Build.0 = Release|Any CPU
	EndGlobalSection
	GlobalSection(SolutionProperties) = preSolution
		HideSolutionNode = FALSE
	EndGlobalSection
EndGlobal
